# THIS IS AN AUTOGENERATED FILE. DO NOT EDIT THIS FILE DIRECTLY.
# yarn lockfile v1


"@types/node@^14.0.5":
  version "14.0.5"
  resolved "https://registry.npmjs.org/@types/node/-/node-14.0.5.tgz#3d03acd3b3414cf67faf999aed11682ed121f22b"
  integrity sha512-90hiq6/VqtQgX8Sp0EzeIsv3r+ellbGj4URKj5j30tLlZvRUpnAe9YbYnjl3pJM93GyXU0tghHhvXHq+5rnCKA==

coa-echo@^1.0.8:
  version "1.0.8"
  resolved "https://registry.npmjs.org/coa-echo/-/coa-echo-1.0.8.tgz#0347b947d37d68d03b9058f822dc0f65499210a8"
  integrity sha512-0ap+N+merkETH4QzP81GTUv96t7SWfwiYrhhxW+kmR6Te7GculaklomRsmgBN//5lIif5Gd/OCt8l8r7igrfMA==

typescript@^3.9.3:
  version "3.9.3"
  resolved "https://registry.npmjs.org/typescript/-/typescript-3.9.3.tgz#d3ac8883a97c26139e42df5e93eeece33d610b8a"
  integrity sha512-D/wqnB2xzNFIcoBG9FG8cXRDjiqSTbG2wd8DMZeQyJlP1vfTkIxH4GKveWaEBYySKIg+USu+E+EDIR47SqnaMQ==
